
Microsoft Visual Studio Solution File, Format Version 12.00
# Visual Studio 15
VisualStudioVersion = 15.0.28010.2016
MinimumVisualStudioVersion = 10.0.40219.1
Project("{FAE04EC0-301F-11D3-BF4B-00C04F79EFBC}") = "HackerNews", "HackerNews\HackerNews.csproj", "{0F3EA643-EEB3-4937-BC2C-67E729A141CA}"
EndProject
Project("{FAE04EC0-301F-11D3-BF4B-00C04F79EFBC}") = "HackerNewsLibrary", "HackerNewsLibrary\HackerNewsLibrary.csproj", "{9D3B4B22-6434-4177-A8E6-A3A82F2BBD9C}"
EndProject
Global
	GlobalSection(SolutionConfigurationPlatforms) = preSolution
		Debug|Any CPU = Debug|Any CPU
		Release|Any CPU = Release|Any CPU
	EndGlobalSection
	GlobalSection(ProjectConfigurationPlatforms) = postSolution
		{0F3EA643-EEB3-4937-BC2C-67E729A141CA}.Debug|Any CPU.ActiveCfg = Debug|Any CPU
		{0F3EA643-EEB3-4937-BC2C-67E729A141CA}.Debug|Any CPU.Build.0 = Debug|Any CPU
		{0F3EA643-EEB3-4937-BC2C-67E729A141CA}.Release|Any CPU.ActiveCfg = Release|Any CPU
		{0F3EA643-EEB3-4937-BC2C-67E729A141CA}.Release|Any CPU.Build.0 = Release|Any CPU
		{9D3B4B22-6434-4177-A8E6-A3A82F2BBD9C}.Debug|Any CPU.ActiveCfg = Debug|Any CPU
		{9D3B4B22-6434-4177-A8E6-A3A82F2BBD9C}.Debug|Any CPU.Build.0 = Debug|Any CPU
		{9D3B4B22-6434-4177-A8E6-A3A82F2BBD9C}.Release|Any CPU.ActiveCfg = Release|Any CPU
		{9D3B4B22-6434-4177-A8E6-A3A82F2BBD9C}.Release|Any CPU.Build.0 = Release|Any CPU
	EndGlobalSection
	GlobalSection(SolutionProperties) = preSolution
		HideSolutionNode = FALSE
	EndGlobalSection
	GlobalSection(ExtensibilityGlobals) = postSolution
		SolutionGuid = {3D118E76-1637-4F41-AC99-3D74DB33504F}
	EndGlobalSection
EndGlobal
